
Microsoft Visual Studio Solution File, Format Version 12.00
Project("{FAE04EC0-301F-11D3-BF4B-00C04F79EFBC}") = "App", "App\App.csproj", "{55C32E4D-0C48-4CED-832C-D843A459941A}"
EndProject
Global
	GlobalSection(SolutionConfigurationPlatforms) = preSolution
		Debug|Any CPU = Debug|Any CPU
		Release|Any CPU = Release|Any CPU
	EndGlobalSection
	GlobalSection(ProjectConfigurationPlatforms) = postSolution
		{55C32E4D-0C48-4CED-832C-D843A459941A}.Debug|Any CPU.ActiveCfg = Debug|Any CPU
		{55C32E4D-0C48-4CED-832C-D843A459941A}.Debug|Any CPU.Build.0 = Debug|Any CPU
		{55C32E4D-0C48-4CED-832C-D843A459941A}.Release|Any CPU.ActiveCfg = Release|Any CPU
		{55C32E4D-0C48-4CED-832C-D843A459941A}.Release|Any CPU.Build.0 = Release|Any CPU
	EndGlobalSection
EndGlobal
